
Microsoft Visual Studio Solution File, Format Version 12.00
# Visual Studio 2013
VisualStudioVersion = 12.0.31101.0
MinimumVisualStudioVersion = 10.0.40219.1
Project("{F088123C-0E9E-452A-89E6-6BA2F21D5CAC}") = "Modeling", "Modeling\Modeling.modelproj", "{20E7C5B3-45C9-4EFE-AAB3-5B1483319CBD}"
EndProject
Project("{FAE04EC0-301F-11D3-BF4B-00C04F79EFBC}") = "FactoryStrategy", "FactoryStrategy\FactoryStrategy.csproj", "{73AE56F6-AF3E-4990-9E3D-21986AB6DB9A}"
EndProject
Global
	GlobalSection(SolutionConfigurationPlatforms) = preSolution
		Debug|Any CPU = Debug|Any CPU
		Release|Any CPU = Release|Any CPU
	EndGlobalSection
	GlobalSection(ProjectConfigurationPlatforms) = postSolution
		{20E7C5B3-45C9-4EFE-AAB3-5B1483319CBD}.Debug|Any CPU.ActiveCfg = Debug|Any CPU
		{20E7C5B3-45C9-4EFE-AAB3-5B1483319CBD}.Debug|Any CPU.Build.0 = Debug|Any CPU
		{20E7C5B3-45C9-4EFE-AAB3-5B1483319CBD}.Release|Any CPU.ActiveCfg = Release|Any CPU
		{20E7C5B3-45C9-4EFE-AAB3-5B1483319CBD}.Release|Any CPU.Build.0 = Release|Any CPU
		{73AE56F6-AF3E-4990-9E3D-21986AB6DB9A}.Debug|Any CPU.ActiveCfg = Debug|Any CPU
		{73AE56F6-AF3E-4990-9E3D-21986AB6DB9A}.Debug|Any CPU.Build.0 = Debug|Any CPU
		{73AE56F6-AF3E-4990-9E3D-21986AB6DB9A}.Release|Any CPU.ActiveCfg = Release|Any CPU
		{73AE56F6-AF3E-4990-9E3D-21986AB6DB9A}.Release|Any CPU.Build.0 = Release|Any CPU
	EndGlobalSection
	GlobalSection(SolutionProperties) = preSolution
		HideSolutionNode = FALSE
	EndGlobalSection
EndGlobal
