
Microsoft Visual Studio Solution File, Format Version 12.00
# Visual Studio 2013
VisualStudioVersion = 12.0.31101.0
MinimumVisualStudioVersion = 10.0.40219.1
Project("{FAE04EC0-301F-11D3-BF4B-00C04F79EFBC}") = "StatusStratery", "StatusStratery\StatusStratery.csproj", "{143C9A88-7A51-46C5-915D-B998ADC5F7C8}"
EndProject
Project("{F088123C-0E9E-452A-89E6-6BA2F21D5CAC}") = "Modeling", "Modeling\Modeling.modelproj", "{20E7C5B3-45C9-4EFE-AAB3-5B1483319CBD}"
EndProject
Project("{FAE04EC0-301F-11D3-BF4B-00C04F79EFBC}") = "ProxyStratery", "ProxyStratery\ProxyStratery.csproj", "{6D5B0057-8B84-4115-ACEC-3C78806E9905}"
EndProject
Project("{FAE04EC0-301F-11D3-BF4B-00C04F79EFBC}") = "SimpleFactoryStrategy", "SimpleFactoryStrategy\SimpleFactoryStrategy.csproj", "{4B0B584D-34D7-4E01-AF82-4BB243491535}"
EndProject
Project("{FAE04EC0-301F-11D3-BF4B-00C04F79EFBC}") = "FactoryStrategy", "FactoryStrategy\FactoryStrategy.csproj", "{73AE56F6-AF3E-4990-9E3D-21986AB6DB9A}"
EndProject
Project("{FAE04EC0-301F-11D3-BF4B-00C04F79EFBC}") = "AbastractFactoryStrategy", "AbastractFactoryStrategy\AbastractFactoryStrategy.csproj", "{0BE8B368-ED46-4C1A-8833-609981D4AFC8}"
EndProject
Project("{FAE04EC0-301F-11D3-BF4B-00C04F79EFBC}") = "DecoratorStrategy", "DecoratorStrategy\DecoratorStrategy.csproj", "{FAEDF30D-4F8B-4A2D-B59D-BC551681651A}"
EndProject
Project("{FAE04EC0-301F-11D3-BF4B-00C04F79EFBC}") = "Common", "Common\Common.csproj", "{F8AA150C-6C02-4643-A075-AF2AB6EA09BC}"
EndProject
Project("{FAE04EC0-301F-11D3-BF4B-00C04F79EFBC}") = "CommandStrategy", "CommandStrategy\CommandStrategy.csproj", "{2839E7AB-9140-4105-8F37-DA5CA938D20B}"
EndProject
Project("{FAE04EC0-301F-11D3-BF4B-00C04F79EFBC}") = "TemplateStrategy", "TemplateStrategy\TemplateStrategy.csproj", "{0B378DC1-A9AA-4CB4-BBC5-A598CABF603C}"
EndProject
Global
	GlobalSection(SolutionConfigurationPlatforms) = preSolution
		Debug|Any CPU = Debug|Any CPU
		Release|Any CPU = Release|Any CPU
	EndGlobalSection
	GlobalSection(ProjectConfigurationPlatforms) = postSolution
		{143C9A88-7A51-46C5-915D-B998ADC5F7C8}.Debug|Any CPU.ActiveCfg = Debug|Any CPU
		{143C9A88-7A51-46C5-915D-B998ADC5F7C8}.Debug|Any CPU.Build.0 = Debug|Any CPU
		{143C9A88-7A51-46C5-915D-B998ADC5F7C8}.Release|Any CPU.ActiveCfg = Release|Any CPU
		{143C9A88-7A51-46C5-915D-B998ADC5F7C8}.Release|Any CPU.Build.0 = Release|Any CPU
		{20E7C5B3-45C9-4EFE-AAB3-5B1483319CBD}.Debug|Any CPU.ActiveCfg = Debug|Any CPU
		{20E7C5B3-45C9-4EFE-AAB3-5B1483319CBD}.Debug|Any CPU.Build.0 = Debug|Any CPU
		{20E7C5B3-45C9-4EFE-AAB3-5B1483319CBD}.Release|Any CPU.ActiveCfg = Release|Any CPU
		{20E7C5B3-45C9-4EFE-AAB3-5B1483319CBD}.Release|Any CPU.Build.0 = Release|Any CPU
		{6D5B0057-8B84-4115-ACEC-3C78806E9905}.Debug|Any CPU.ActiveCfg = Debug|Any CPU
		{6D5B0057-8B84-4115-ACEC-3C78806E9905}.Debug|Any CPU.Build.0 = Debug|Any CPU
		{6D5B0057-8B84-4115-ACEC-3C78806E9905}.Release|Any CPU.ActiveCfg = Release|Any CPU
		{6D5B0057-8B84-4115-ACEC-3C78806E9905}.Release|Any CPU.Build.0 = Release|Any CPU
		{4B0B584D-34D7-4E01-AF82-4BB243491535}.Debug|Any CPU.ActiveCfg = Debug|Any CPU
		{4B0B584D-34D7-4E01-AF82-4BB243491535}.Debug|Any CPU.Build.0 = Debug|Any CPU
		{4B0B584D-34D7-4E01-AF82-4BB243491535}.Release|Any CPU.ActiveCfg = Release|Any CPU
		{4B0B584D-34D7-4E01-AF82-4BB243491535}.Release|Any CPU.Build.0 = Release|Any CPU
		{73AE56F6-AF3E-4990-9E3D-21986AB6DB9A}.Debug|Any CPU.ActiveCfg = Debug|Any CPU
		{73AE56F6-AF3E-4990-9E3D-21986AB6DB9A}.Debug|Any CPU.Build.0 = Debug|Any CPU
		{73AE56F6-AF3E-4990-9E3D-21986AB6DB9A}.Release|Any CPU.ActiveCfg = Release|Any CPU
		{73AE56F6-AF3E-4990-9E3D-21986AB6DB9A}.Release|Any CPU.Build.0 = Release|Any CPU
		{0BE8B368-ED46-4C1A-8833-609981D4AFC8}.Debug|Any CPU.ActiveCfg = Debug|Any CPU
		{0BE8B368-ED46-4C1A-8833-609981D4AFC8}.Debug|Any CPU.Build.0 = Debug|Any CPU
		{0BE8B368-ED46-4C1A-8833-609981D4AFC8}.Release|Any CPU.ActiveCfg = Release|Any CPU
		{0BE8B368-ED46-4C1A-8833-609981D4AFC8}.Release|Any CPU.Build.0 = Release|Any CPU
		{FAEDF30D-4F8B-4A2D-B59D-BC551681651A}.Debug|Any CPU.ActiveCfg = Debug|Any CPU
		{FAEDF30D-4F8B-4A2D-B59D-BC551681651A}.Debug|Any CPU.Build.0 = Debug|Any CPU
		{FAEDF30D-4F8B-4A2D-B59D-BC551681651A}.Release|Any CPU.ActiveCfg = Release|Any CPU
		{FAEDF30D-4F8B-4A2D-B59D-BC551681651A}.Release|Any CPU.Build.0 = Release|Any CPU
		{F8AA150C-6C02-4643-A075-AF2AB6EA09BC}.Debug|Any CPU.ActiveCfg = Debug|Any CPU
		{F8AA150C-6C02-4643-A075-AF2AB6EA09BC}.Debug|Any CPU.Build.0 = Debug|Any CPU
		{F8AA150C-6C02-4643-A075-AF2AB6EA09BC}.Release|Any CPU.ActiveCfg = Release|Any CPU
		{F8AA150C-6C02-4643-A075-AF2AB6EA09BC}.Release|Any CPU.Build.0 = Release|Any CPU
		{2839E7AB-9140-4105-8F37-DA5CA938D20B}.Debug|Any CPU.ActiveCfg = Debug|Any CPU
		{2839E7AB-9140-4105-8F37-DA5CA938D20B}.Debug|Any CPU.Build.0 = Debug|Any CPU
		{2839E7AB-9140-4105-8F37-DA5CA938D20B}.Release|Any CPU.ActiveCfg = Release|Any CPU
		{2839E7AB-9140-4105-8F37-DA5CA938D20B}.Release|Any CPU.Build.0 = Release|Any CPU
		{0B378DC1-A9AA-4CB4-BBC5-A598CABF603C}.Debug|Any CPU.ActiveCfg = Debug|Any CPU
		{0B378DC1-A9AA-4CB4-BBC5-A598CABF603C}.Debug|Any CPU.Build.0 = Debug|Any CPU
		{0B378DC1-A9AA-4CB4-BBC5-A598CABF603C}.Release|Any CPU.ActiveCfg = Release|Any CPU
		{0B378DC1-A9AA-4CB4-BBC5-A598CABF603C}.Release|Any CPU.Build.0 = Release|Any CPU
	EndGlobalSection
	GlobalSection(SolutionProperties) = preSolution
		HideSolutionNode = FALSE
	EndGlobalSection
EndGlobal
